
Microsoft Visual Studio Solution File, Format Version 12.00
# Visual Studio Version 17
VisualStudioVersion = 17.0.31903.59
MinimumVisualStudioVersion = 10.0.40219.1
Project("{2150E333-8FDC-42A3-9474-1A3956D46DE8}") = "src", "src", "{04749D85-571F-499F-9A38-5D06C2EF8D43}"
EndProject
Project("{FAE04EC0-301F-11D3-BF4B-00C04F79EFBC}") = "HelloWorld.Domain", "src\HelloWorld.Domain\HelloWorld.Domain.csproj", "{F5ACE536-2EFC-4181-B70B-DD8610CA128A}"
EndProject
Project("{FAE04EC0-301F-11D3-BF4B-00C04F79EFBC}") = "HelloWorld.Application", "src\HelloWorld.Application\HelloWorld.Application.csproj", "{BA4F34F8-696E-402B-BA4D-065E1C3286A4}"
EndProject
Project("{FAE04EC0-301F-11D3-BF4B-00C04F79EFBC}") = "HelloWorld.Infrastructure", "src\HelloWorld.Infrastructure\HelloWorld.Infrastructure.csproj", "{779E711E-C138-460A-A7FB-93D18772B51E}"
EndProject
Project("{FAE04EC0-301F-11D3-BF4B-00C04F79EFBC}") = "HelloWorld.Api", "src\HelloWorld.Api\HelloWorld.Api.csproj", "{7F91FD1E-F7BC-4847-9A11-A43413BA162D}"
EndProject
Project("{2150E333-8FDC-42A3-9474-1A3956D46DE8}") = "tests", "tests", "{D9757DAC-9D62-45B4-9F12-7D254AB14812}"
EndProject
Project("{FAE04EC0-301F-11D3-BF4B-00C04F79EFBC}") = "HelloWorld.UnitTests", "tests\HelloWorld.UnitTests\HelloWorld.UnitTests.csproj", "{CF180965-7139-45EA-A1D6-B59D369E64C7}"
EndProject
Global
	GlobalSection(SolutionConfigurationPlatforms) = preSolution
		Debug|Any CPU = Debug|Any CPU
		Release|Any CPU = Release|Any CPU
	EndGlobalSection
	GlobalSection(SolutionProperties) = preSolution
		HideSolutionNode = FALSE
	EndGlobalSection
	GlobalSection(ProjectConfigurationPlatforms) = postSolution
		{F5ACE536-2EFC-4181-B70B-DD8610CA128A}.Debug|Any CPU.ActiveCfg = Debug|Any CPU
		{F5ACE536-2EFC-4181-B70B-DD8610CA128A}.Debug|Any CPU.Build.0 = Debug|Any CPU
		{F5ACE536-2EFC-4181-B70B-DD8610CA128A}.Release|Any CPU.ActiveCfg = Release|Any CPU
		{F5ACE536-2EFC-4181-B70B-DD8610CA128A}.Release|Any CPU.Build.0 = Release|Any CPU
		{BA4F34F8-696E-402B-BA4D-065E1C3286A4}.Debug|Any CPU.ActiveCfg = Debug|Any CPU
		{BA4F34F8-696E-402B-BA4D-065E1C3286A4}.Debug|Any CPU.Build.0 = Debug|Any CPU
		{BA4F34F8-696E-402B-BA4D-065E1C3286A4}.Release|Any CPU.ActiveCfg = Release|Any CPU
		{BA4F34F8-696E-402B-BA4D-065E1C3286A4}.Release|Any CPU.Build.0 = Release|Any CPU
		{779E711E-C138-460A-A7FB-93D18772B51E}.Debug|Any CPU.ActiveCfg = Debug|Any CPU
		{779E711E-C138-460A-A7FB-93D18772B51E}.Debug|Any CPU.Build.0 = Debug|Any CPU
		{779E711E-C138-460A-A7FB-93D18772B51E}.Release|Any CPU.ActiveCfg = Release|Any CPU
		{779E711E-C138-460A-A7FB-93D18772B51E}.Release|Any CPU.Build.0 = Release|Any CPU
		{7F91FD1E-F7BC-4847-9A11-A43413BA162D}.Debug|Any CPU.ActiveCfg = Debug|Any CPU
		{7F91FD1E-F7BC-4847-9A11-A43413BA162D}.Debug|Any CPU.Build.0 = Debug|Any CPU
		{7F91FD1E-F7BC-4847-9A11-A43413BA162D}.Release|Any CPU.ActiveCfg = Release|Any CPU
		{7F91FD1E-F7BC-4847-9A11-A43413BA162D}.Release|Any CPU.Build.0 = Release|Any CPU
		{CF180965-7139-45EA-A1D6-B59D369E64C7}.Debug|Any CPU.ActiveCfg = Debug|Any CPU
		{CF180965-7139-45EA-A1D6-B59D369E64C7}.Debug|Any CPU.Build.0 = Debug|Any CPU
		{CF180965-7139-45EA-A1D6-B59D369E64C7}.Release|Any CPU.ActiveCfg = Release|Any CPU
		{CF180965-7139-45EA-A1D6-B59D369E64C7}.Release|Any CPU.Build.0 = Release|Any CPU
	EndGlobalSection
	GlobalSection(NestedProjects) = preSolution
		{F5ACE536-2EFC-4181-B70B-DD8610CA128A} = {04749D85-571F-499F-9A38-5D06C2EF8D43}
		{BA4F34F8-696E-402B-BA4D-065E1C3286A4} = {04749D85-571F-499F-9A38-5D06C2EF8D43}
		{779E711E-C138-460A-A7FB-93D18772B51E} = {04749D85-571F-499F-9A38-5D06C2EF8D43}
		{7F91FD1E-F7BC-4847-9A11-A43413BA162D} = {04749D85-571F-499F-9A38-5D06C2EF8D43}
		{CF180965-7139-45EA-A1D6-B59D369E64C7} = {D9757DAC-9D62-45B4-9F12-7D254AB14812}
	EndGlobalSection
EndGlobal
